
Microsoft Visual Studio Solution File, Format Version 12.00
# Visual Studio 15
VisualStudioVersion = 15.0.28307.572
MinimumVisualStudioVersion = 10.0.40219.1
Project("{FAE04EC0-301F-11D3-BF4B-00C04F79EFBC}") = "Course", "Course\Course.csproj", "{FE66B6F6-057D-4EC0-B88E-D0D618DFA054}"
EndProject
Global
	GlobalSection(SolutionConfigurationPlatforms) = preSolution
		Debug|Any CPU = Debug|Any CPU
		Release|Any CPU = Release|Any CPU
	EndGlobalSection
	GlobalSection(ProjectConfigurationPlatforms) = postSolution
		{FE66B6F6-057D-4EC0-B88E-D0D618DFA054}.Debug|Any CPU.ActiveCfg = Debug|Any CPU
		{FE66B6F6-057D-4EC0-B88E-D0D618DFA054}.Debug|Any CPU.Build.0 = Debug|Any CPU
		{FE66B6F6-057D-4EC0-B88E-D0D618DFA054}.Release|Any CPU.ActiveCfg = Release|Any CPU
		{FE66B6F6-057D-4EC0-B88E-D0D618DFA054}.Release|Any CPU.Build.0 = Release|Any CPU
	EndGlobalSection
	GlobalSection(SolutionProperties) = preSolution
		HideSolutionNode = FALSE
	EndGlobalSection
	GlobalSection(ExtensibilityGlobals) = postSolution
		SolutionGuid = {39A099E5-121F-4B0E-B01B-C6EBE4A7FCD1}
	EndGlobalSection
EndGlobal
